// !$*UTF8*$!
{
	archiveVersion = 1;
	classes = {
	};
	objectVersion = 56;
	objects = {

/* Begin PBXBuildFile section */
		316D6F6E2C7C5BF5006F33E4 /* AppDelegate.swift in Sources */ = {isa = PBXBuildFile; fileRef = 316D6F6D2C7C5BF5006F33E4 /* AppDelegate.swift */; };
		316D6F702C7C5BF5006F33E4 /* SceneDelegate.swift in Sources */ = {isa = PBXBuildFile; fileRef = 316D6F6F2C7C5BF5006F33E4 /* SceneDelegate.swift */; };
		316D6F722C7C5BF5006F33E4 /* ViewController.swift in Sources */ = {isa = PBXBuildFile; fileRef = 316D6F712C7C5BF5006F33E4 /* ViewController.swift */; };
		316D6F752C7C5BF5006F33E4 /* Main.storyboard in Resources */ = {isa = PBXBuildFile; fileRef = 316D6F732C7C5BF5006F33E4 /* Main.storyboard */; };
		316D6F772C7C5BF8006F33E4 /* Assets.xcassets in Resources */ = {isa = PBXBuildFile; fileRef = 316D6F762C7C5BF8006F33E4 /* Assets.xcassets */; };
		316D6F7A2C7C5BF8006F33E4 /* LaunchScreen.storyboard in Resources */ = {isa = PBXBuildFile; fileRef = 316D6F782C7C5BF8006F33E4 /* LaunchScreen.storyboard */; };
		316D6F832C7C6976006F33E4 /* DetailsViewController.swift in Sources */ = {isa = PBXBuildFile; fileRef = 316D6F812C7C6976006F33E4 /* DetailsViewController.swift */; };
		316D6F862C7C8EA9006F33E4 /* SelectedCountriesViewController.swift in Sources */ = {isa = PBXBuildFile; fileRef = 316D6F852C7C8EA9006F33E4 /* SelectedCountriesViewController.swift */; };
		316D6F892C7C900D006F33E4 /* Country.swift in Sources */ = {isa = PBXBuildFile; fileRef = 316D6F882C7C900D006F33E4 /* Country.swift */; };
		316D6F8D2C7C90B2006F33E4 /* CountryTableViewCell.swift in Sources */ = {isa = PBXBuildFile; fileRef = 316D6F8C2C7C90B2006F33E4 /* CountryTableViewCell.swift */; };
/* End PBXBuildFile section */

/* Begin PBXFileReference section */
		316D6F6A2C7C5BF5006F33E4 /* Task01.app */ = {isa = PBXFileReference; explicitFileType = wrapper.application; includeInIndex = 0; path = Task01.app; sourceTree = BUILT_PRODUCTS_DIR; };
		316D6F6D2C7C5BF5006F33E4 /* AppDelegate.swift */ = {isa = PBXFileReference; lastKnownFileType = sourcecode.swift; path = AppDelegate.swift; sourceTree = "<group>"; };
		316D6F6F2C7C5BF5006F33E4 /* SceneDelegate.swift */ = {isa = PBXFileReference; lastKnownFileType = sourcecode.swift; path = SceneDelegate.swift; sourceTree = "<group>"; };
		316D6F712C7C5BF5006F33E4 /* ViewController.swift */ = {isa = PBXFileReference; lastKnownFileType = sourcecode.swift; path = ViewController.swift; sourceTree = "<group>"; };
		316D6F742C7C5BF5006F33E4 /* Base */ = {isa = PBXFileReference; lastKnownFileType = file.storyboard; name = Base; path = Base.lproj/Main.storyboard; sourceTree = "<group>"; };
		316D6F762C7C5BF8006F33E4 /* Assets.xcassets */ = {isa = PBXFileReference; lastKnownFileType = folder.assetcatalog; path = Assets.xcassets; sourceTree = "<group>"; };
		316D6F792C7C5BF8006F33E4 /* Base */ = {isa = PBXFileReference; lastKnownFileType = file.storyboard; name = Base; path = Base.lproj/LaunchScreen.storyboard; sourceTree = "<group>"; };
		316D6F7B2C7C5BF8006F33E4 /* Info.plist */ = {isa = PBXFileReference; lastKnownFileType = text.plist.xml; path = Info.plist; sourceTree = "<group>"; };
		316D6F812C7C6976006F33E4 /* DetailsViewController.swift */ = {isa = PBXFileReference; lastKnownFileType = sourcecode.swift; path = DetailsViewController.swift; sourceTree = "<group>"; };
		316D6F852C7C8EA9006F33E4 /* SelectedCountriesViewController.swift */ = {isa = PBXFileReference; lastKnownFileType = sourcecode.swift; path = SelectedCountriesViewController.swift; sourceTree = "<group>"; };
		316D6F882C7C900D006F33E4 /* Country.swift */ = {isa = PBXFileReference; lastKnownFileType = sourcecode.swift; path = Country.swift; sourceTree = "<group>"; };
		316D6F8C2C7C90B2006F33E4 /* CountryTableViewCell.swift */ = {isa = PBXFileReference; lastKnownFileType = sourcecode.swift; path = CountryTableViewCell.swift; sourceTree = "<group>"; };
/* End PBXFileReference section */

/* Begin PBXFrameworksBuildPhase section */
		316D6F672C7C5BF5006F33E4 /* Frameworks */ = {
			isa = PBXFrameworksBuildPhase;
			buildActionMask = 2147483647;
			files = (
			);
			runOnlyForDeploymentPostprocessing = 0;
		};
/* End PBXFrameworksBuildPhase section */

/* Begin PBXGroup section */
		316D6F612C7C5BF5006F33E4 = {
			isa = PBXGroup;
			children = (
				316D6F6C2C7C5BF5006F33E4 /* Task01 */,
				316D6F6B2C7C5BF5006F33E4 /* Products */,
			);
			sourceTree = "<group>";
		};
		316D6F6B2C7C5BF5006F33E4 /* Products */ = {
			isa = PBXGroup;
			children = (
				316D6F6A2C7C5BF5006F33E4 /* Task01.app */,
			);
			name = Products;
			sourceTree = "<group>";
		};
		316D6F6C2C7C5BF5006F33E4 /* Task01 */ = {
			isa = PBXGroup;
			children = (
				316D6F8A2C7C9063006F33E4 /* Views */,
				316D6F872C7C8FA2006F33E4 /* Models */,
				316D6F6D2C7C5BF5006F33E4 /* AppDelegate.swift */,
				316D6F6F2C7C5BF5006F33E4 /* SceneDelegate.swift */,
				316D6F712C7C5BF5006F33E4 /* ViewController.swift */,
				316D6F732C7C5BF5006F33E4 /* Main.storyboard */,
				316D6F762C7C5BF8006F33E4 /* Assets.xcassets */,
				316D6F782C7C5BF8006F33E4 /* LaunchScreen.storyboard */,
				316D6F7B2C7C5BF8006F33E4 /* Info.plist */,
				316D6F812C7C6976006F33E4 /* DetailsViewController.swift */,
				316D6F852C7C8EA9006F33E4 /* SelectedCountriesViewController.swift */,
			);
			path = Task01;
			sourceTree = "<group>";
		};
		316D6F872C7C8FA2006F33E4 /* Models */ = {
			isa = PBXGroup;
			children = (
				316D6F882C7C900D006F33E4 /* Country.swift */,
			);
			path = Models;
			sourceTree = "<group>";
		};
		316D6F8A2C7C9063006F33E4 /* Views */ = {
			isa = PBXGroup;
			children = (
				316D6F8B2C7C906F006F33E4 /* Cells */,
			);
			path = Views;
			sourceTree = "<group>";
		};
		316D6F8B2C7C906F006F33E4 /* Cells */ = {
			isa = PBXGroup;
			children = (
				316D6F8C2C7C90B2006F33E4 /* CountryTableViewCell.swift */,
			);
			path = Cells;
			sourceTree = "<group>";
		};
/* End PBXGroup section */

/* Begin PBXNativeTarget section */
		316D6F692C7C5BF5006F33E4 /* Task01 */ = {
			isa = PBXNativeTarget;
			buildConfigurationList = 316D6F7E2C7C5BF8006F33E4 /* Build configuration list for PBXNativeTarget "Task01" */;
			buildPhases = (
				316D6F662C7C5BF5006F33E4 /* Sources */,
				316D6F672C7C5BF5006F33E4 /* Frameworks */,
				316D6F682C7C5BF5006F33E4 /* Resources */,
			);
			buildRules = (
			);
			dependencies = (
			);
			name = Task01;
			productName = Task01;
			productReference = 316D6F6A2C7C5BF5006F33E4 /* Task01.app */;
			productType = "com.apple.product-type.application";
		};
/* End PBXNativeTarget section */

/* Begin PBXProject section */
		316D6F622C7C5BF5006F33E4 /* Project object */ = {
			isa = PBXProject;
			attributes = {
				BuildIndependentTargetsInParallel = 1;
				LastSwiftUpdateCheck = 1520;
				LastUpgradeCheck = 1520;
				TargetAttributes = {
					316D6F692C7C5BF5006F33E4 = {
						CreatedOnToolsVersion = 15.2;
					};
				};
			};
			buildConfigurationList = 316D6F652C7C5BF5006F33E4 /* Build configuration list for PBXProject "Task01" */;
			compatibilityVersion = "Xcode 14.0";
			developmentRegion = en;
			hasScannedForEncodings = 0;
			knownRegions = (
				en,
				Base,
			);
			mainGroup = 316D6F612C7C5BF5006F33E4;
			productRefGroup = 316D6F6B2C7C5BF5006F33E4 /* Products */;
			projectDirPath = "";
			projectRoot = "";
			targets = (
				316D6F692C7C5BF5006F33E4 /* Task01 */,
			);
		};
/* End PBXProject section */

/* Begin PBXResourcesBuildPhase section */
		316D6F682C7C5BF5006F33E4 /* Resources */ = {
			isa = PBXResourcesBuildPhase;
			buildActionMask = 2147483647;
			files = (
				316D6F7A2C7C5BF8006F33E4 /* LaunchScreen.storyboard in Resources */,
				316D6F772C7C5BF8006F33E4 /* Assets.xcassets in Resources */,
				316D6F752C7C5BF5006F33E4 /* Main.storyboard in Resources */,
			);
			runOnlyForDeploymentPostprocessing = 0;
		};
/* End PBXResourcesBuildPhase section */

/* Begin PBXSourcesBuildPhase section */
		316D6F662C7C5BF5006F33E4 /* Sources */ = {
			isa = PBXSourcesBuildPhase;
			buildActionMask = 2147483647;
			files = (
				316D6F722C7C5BF5006F33E4 /* ViewController.swift in Sources */,
				316D6F6E2C7C5BF5006F33E4 /* AppDelegate.swift in Sources */,
				316D6F702C7C5BF5006F33E4 /* SceneDelegate.swift in Sources */,
				316D6F862C7C8EA9006F33E4 /* SelectedCountriesViewController.swift in Sources */,
				316D6F892C7C900D006F33E4 /* Country.swift in Sources */,
				316D6F8D2C7C90B2006F33E4 /* CountryTableViewCell.swift in Sources */,
				316D6F832C7C6976006F33E4 /* DetailsViewController.swift in Sources */,
			);
			runOnlyForDeploymentPostprocessing = 0;
		};
/* End PBXSourcesBuildPhase section */

/* Begin PBXVariantGroup section */
		316D6F732C7C5BF5006F33E4 /* Main.storyboard */ = {
			isa = PBXVariantGroup;
			children = (
				316D6F742C7C5BF5006F33E4 /* Base */,
			);
			name = Main.storyboard;
			sourceTree = "<group>";
		};
		316D6F782C7C5BF8006F33E4 /* LaunchScreen.storyboard */ = {
			isa = PBXVariantGroup;
			children = (
				316D6F792C7C5BF8006F33E4 /* Base */,
			);
			name = LaunchScreen.storyboard;
			sourceTree = "<group>";
		};
/* End PBXVariantGroup section */

/* Begin XCBuildConfiguration section */
		316D6F7C2C7C5BF8006F33E4 /* Debug */ = {
			isa = XCBuildConfiguration;
			buildSettings = {
				ALWAYS_SEARCH_USER_PATHS = NO;
				ASSETCATALOG_COMPILER_GENERATE_SWIFT_ASSET_SYMBOL_EXTENSIONS = YES;
				CLANG_ANALYZER_NONNULL = YES;
				CLANG_ANALYZER_NUMBER_OBJECT_CONVERSION = YES_AGGRESSIVE;
				CLANG_CXX_LANGUAGE_STANDARD = "gnu++20";
				CLANG_ENABLE_MODULES = YES;
				CLANG_ENABLE_OBJC_ARC = YES;
				CLANG_ENABLE_OBJC_WEAK = YES;
				CLANG_WARN_BLOCK_CAPTURE_AUTORELEASING = YES;
				CLANG_WARN_BOOL_CONVERSION = YES;
				CLANG_WARN_COMMA = YES;
				CLANG_WARN_CONSTANT_CONVERSION = YES;
				CLANG_WARN_DEPRECATED_OBJC_IMPLEMENTATIONS = YES;
				CLANG_WARN_DIRECT_OBJC_ISA_USAGE = YES_ERROR;
				CLANG_WARN_DOCUMENTATION_COMMENTS = YES;
				CLANG_WARN_EMPTY_BODY = YES;
				CLANG_WARN_ENUM_CONVERSION = YES;
				CLANG_WARN_INFINITE_RECURSION = YES;
				CLANG_WARN_INT_CONVERSION = YES;
				CLANG_WARN_NON_LITERAL_NULL_CONVERSION = YES;
				CLANG_WARN_OBJC_IMPLICIT_RETAIN_SELF = YES;
				CLANG_WARN_OBJC_LITERAL_CONVERSION = YES;
				CLANG_WARN_OBJC_ROOT_CLASS = YES_ERROR;
				CLANG_WARN_QUOTED_INCLUDE_IN_FRAMEWORK_HEADER = YES;
				CLANG_WARN_RANGE_LOOP_ANALYSIS = YES;
				CLANG_WARN_STRICT_PROTOTYPES = YES;
				CLANG_WARN_SUSPICIOUS_MOVE = YES;
				CLANG_WARN_UNGUARDED_AVAILABILITY = YES_AGGRESSIVE;
				CLANG_WARN_UNREACHABLE_CODE = YES;
				CLANG_WARN__DUPLICATE_METHOD_MATCH = YES;
				COPY_PHASE_STRIP = NO;
				DEBUG_INFORMATION_FORMAT = dwarf;
				ENABLE_STRICT_OBJC_MSGSEND = YES;
				ENABLE_TESTABILITY = YES;
				ENABLE_USER_SCRIPT_SANDBOXING = YES;
				GCC_C_LANGUAGE_STANDARD = gnu17;
				GCC_DYNAMIC_NO_PIC = NO;
				GCC_NO_COMMON_BLOCKS = YES;
				GCC_OPTIMIZATION_LEVEL = 0;
				GCC_PREPROCESSOR_DEFINITIONS = (
					"DEBUG=1",
					"$(inherited)",
				);
				GCC_WARN_64_TO_32_BIT_CONVERSION = YES;
				GCC_WARN_ABOUT_RETURN_TYPE = YES_ERROR;
				GCC_WARN_UNDECLARED_SELECTOR = YES;
				GCC_WARN_UNINITIALIZED_AUTOS = YES_AGGRESSIVE;
				GCC_WARN_UNUSED_FUNCTION = YES;
				GCC_WARN_UNUSED_VARIABLE = YES;
				IPHONEOS_DEPLOYMENT_TARGET = 17.2;
				LOCALIZATION_PREFERS_STRING_CATALOGS = YES;
				MTL_ENABLE_DEBUG_INFO = INCLUDE_SOURCE;
				MTL_FAST_MATH = YES;
				ONLY_ACTIVE_ARCH = YES;
				SDKROOT = iphoneos;
				SWIFT_ACTIVE_COMPILATION_CONDITIONS = "DEBUG $(inherited)";
				SWIFT_OPTIMIZATION_LEVEL = "-Onone";
			};
			name = Debug;
		};
		316D6F7D2C7C5BF8006F33E4 /* Release */ = {
			isa = XCBuildConfiguration;
			buildSettings = {
				ALWAYS_SEARCH_USER_PATHS = NO;
				ASSETCATALOG_COMPILER_GENERATE_SWIFT_ASSET_SYMBOL_EXTENSIONS = YES;
				CLANG_ANALYZER_NONNULL = YES;
				CLANG_ANALYZER_NUMBER_OBJECT_CONVERSION = YES_AGGRESSIVE;
				CLANG_CXX_LANGUAGE_STANDARD = "gnu++20";
				CLANG_ENABLE_MODULES = YES;
				CLANG_ENABLE_OBJC_ARC = YES;
				CLANG_ENABLE_OBJC_WEAK = YES;
				CLANG_WARN_BLOCK_CAPTURE_AUTORELEASING = YES;
				CLANG_WARN_BOOL_CONVERSION = YES;
				CLANG_WARN_COMMA = YES;
				CLANG_WARN_CONSTANT_CONVERSION = YES;
				CLANG_WARN_DEPRECATED_OBJC_IMPLEMENTATIONS = YES;
				CLANG_WARN_DIRECT_OBJC_ISA_USAGE = YES_ERROR;
				CLANG_WARN_DOCUMENTATION_COMMENTS = YES;
				CLANG_WARN_EMPTY_BODY = YES;
				CLANG_WARN_ENUM_CONVERSION = YES;
				CLANG_WARN_INFINITE_RECURSION = YES;
				CLANG_WARN_INT_CONVERSION = YES;
				CLANG_WARN_NON_LITERAL_NULL_CONVERSION = YES;
				CLANG_WARN_OBJC_IMPLICIT_RETAIN_SELF = YES;
				CLANG_WARN_OBJC_LITERAL_CONVERSION = YES;
				CLANG_WARN_OBJC_ROOT_CLASS = YES_ERROR;
				CLANG_WARN_QUOTED_INCLUDE_IN_FRAMEWORK_HEADER = YES;
				CLANG_WARN_RANGE_LOOP_ANALYSIS = YES;
				CLANG_WARN_STRICT_PROTOTYPES = YES;
				CLANG_WARN_SUSPICIOUS_MOVE = YES;
				CLANG_WARN_UNGUARDED_AVAILABILITY = YES_AGGRESSIVE;
				CLANG_WARN_UNREACHABLE_CODE = YES;
				CLANG_WARN__DUPLICATE_METHOD_MATCH = YES;
				COPY_PHASE_STRIP = NO;
				DEBUG_INFORMATION_FORMAT = "dwarf-with-dsym";
				ENABLE_NS_ASSERTIONS = NO;
				ENABLE_STRICT_OBJC_MSGSEND = YES;
				ENABLE_USER_SCRIPT_SANDBOXING = YES;
				GCC_C_LANGUAGE_STANDARD = gnu17;
				GCC_NO_COMMON_BLOCKS = YES;
				GCC_WARN_64_TO_32_BIT_CONVERSION = YES;
				GCC_WARN_ABOUT_RETURN_TYPE = YES_ERROR;
				GCC_WARN_UNDECLARED_SELECTOR = YES;
				GCC_WARN_UNINITIALIZED_AUTOS = YES_AGGRESSIVE;
				GCC_WARN_UNUSED_FUNCTION = YES;
				GCC_WARN_UNUSED_VARIABLE = YES;
				IPHONEOS_DEPLOYMENT_TARGET = 17.2;
				LOCALIZATION_PREFERS_STRING_CATALOGS = YES;
				MTL_ENABLE_DEBUG_INFO = NO;
				MTL_FAST_MATH = YES;
				SDKROOT = iphoneos;
				SWIFT_COMPILATION_MODE = wholemodule;
				VALIDATE_PRODUCT = YES;
			};
			name = Release;
		};
		316D6F7F2C7C5BF8006F33E4 /* Debug */ = {
			isa = XCBuildConfiguration;
			buildSettings = {
				ASSETCATALOG_COMPILER_APPICON_NAME = AppIcon;
				ASSETCATALOG_COMPILER_GLOBAL_ACCENT_COLOR_NAME = AccentColor;
				CODE_SIGN_STYLE = Automatic;
				CURRENT_PROJECT_VERSION = 1;
				DEVELOPMENT_TEAM = YBC6QZE5G7;
				GENERATE_INFOPLIST_FILE = YES;
				INFOPLIST_FILE = Task01/Info.plist;
				INFOPLIST_KEY_UIApplicationSupportsIndirectInputEvents = YES;
				INFOPLIST_KEY_UILaunchStoryboardName = LaunchScreen;
				INFOPLIST_KEY_UIMainStoryboardFile = Main;
				INFOPLIST_KEY_UISupportedInterfaceOrientations_iPad = "UIInterfaceOrientationPortrait UIInterfaceOrientationPortraitUpsideDown UIInterfaceOrientationLandscapeLeft UIInterfaceOrientationLandscapeRight";
				INFOPLIST_KEY_UISupportedInterfaceOrientations_iPhone = "UIInterfaceOrientationPortrait UIInterfaceOrientationLandscapeLeft UIInterfaceOrientationLandscapeRight";
				LD_RUNPATH_SEARCH_PATHS = (
					"$(inherited)",
					"@executable_path/Frameworks",
				);
				MARKETING_VERSION = 1.0;
				PRODUCT_BUNDLE_IDENTIFIER = com.SSLPinningImp.Task01;
				PRODUCT_NAME = "$(TARGET_NAME)";
				SWIFT_EMIT_LOC_STRINGS = YES;
				SWIFT_VERSION = 5.0;
				TARGETED_DEVICE_FAMILY = "1,2";
			};
			name = Debug;
		};
		316D6F802C7C5BF8006F33E4 /* Release */ = {
			isa = XCBuildConfiguration;
			buildSettings = {
				ASSETCATALOG_COMPILER_APPICON_NAME = AppIcon;
				ASSETCATALOG_COMPILER_GLOBAL_ACCENT_COLOR_NAME = AccentColor;
				CODE_SIGN_STYLE = Automatic;
				CURRENT_PROJECT_VERSION = 1;
				DEVELOPMENT_TEAM = YBC6QZE5G7;
				GENERATE_INFOPLIST_FILE = YES;
				INFOPLIST_FILE = Task01/Info.plist;
				INFOPLIST_KEY_UIApplicationSupportsIndirectInputEvents = YES;
				INFOPLIST_KEY_UILaunchStoryboardName = LaunchScreen;
				INFOPLIST_KEY_UIMainStoryboardFile = Main;
				INFOPLIST_KEY_UISupportedInterfaceOrientations_iPad = "UIInterfaceOrientationPortrait UIInterfaceOrientationPortraitUpsideDown UIInterfaceOrientationLandscapeLeft UIInterfaceOrientationLandscapeRight";
				INFOPLIST_KEY_UISupportedInterfaceOrientations_iPhone = "UIInterfaceOrientationPortrait UIInterfaceOrientationLandscapeLeft UIInterfaceOrientationLandscapeRight";
				LD_RUNPATH_SEARCH_PATHS = (
					"$(inherited)",
					"@executable_path/Frameworks",
				);
				MARKETING_VERSION = 1.0;
				PRODUCT_BUNDLE_IDENTIFIER = com.SSLPinningImp.Task01;
				PRODUCT_NAME = "$(TARGET_NAME)";
				SWIFT_EMIT_LOC_STRINGS = YES;
				SWIFT_VERSION = 5.0;
				TARGETED_DEVICE_FAMILY = "1,2";
			};
			name = Release;
		};
/* End XCBuildConfiguration section */

/* Begin XCConfigurationList section */
		316D6F652C7C5BF5006F33E4 /* Build configuration list for PBXProject "Task01" */ = {
			isa = XCConfigurationList;
			buildConfigurations = (
				316D6F7C2C7C5BF8006F33E4 /* Debug */,
				316D6F7D2C7C5BF8006F33E4 /* Release */,
			);
			defaultConfigurationIsVisible = 0;
			defaultConfigurationName = Release;
		};
		316D6F7E2C7C5BF8006F33E4 /* Build configuration list for PBXNativeTarget "Task01" */ = {
			isa = XCConfigurationList;
			buildConfigurations = (
				316D6F7F2C7C5BF8006F33E4 /* Debug */,
				316D6F802C7C5BF8006F33E4 /* Release */,
			);
			defaultConfigurationIsVisible = 0;
			defaultConfigurationName = Release;
		};
/* End XCConfigurationList section */
	};
	rootObject = 316D6F622C7C5BF5006F33E4 /* Project object */;
}
