// !$*UTF8*$!
{
	archiveVersion = 1;
	classes = {
	};
	objectVersion = 56;
	objects = {

/* Begin PBXBuildFile section */
		3131684C2C819C9300B309FA /* AppDelegate.swift in Sources */ = {isa = PBXBuildFile; fileRef = 3131684B2C819C9300B309FA /* AppDelegate.swift */; };
		3131684E2C819C9300B309FA /* SceneDelegate.swift in Sources */ = {isa = PBXBuildFile; fileRef = 3131684D2C819C9300B309FA /* SceneDelegate.swift */; };
		313168502C819C9300B309FA /* ViewController.swift in Sources */ = {isa = PBXBuildFile; fileRef = 3131684F2C819C9300B309FA /* ViewController.swift */; };
		313168532C819C9300B309FA /* Main.storyboard in Resources */ = {isa = PBXBuildFile; fileRef = 313168512C819C9300B309FA /* Main.storyboard */; };
		313168552C819C9600B309FA /* Assets.xcassets in Resources */ = {isa = PBXBuildFile; fileRef = 313168542C819C9600B309FA /* Assets.xcassets */; };
		31873A712C81B25100DE021C /* City.swift in Sources */ = {isa = PBXBuildFile; fileRef = 31873A702C81B25100DE021C /* City.swift */; };
		31873A742C81B2E500DE021C /* CityTableViewCell.swift in Sources */ = {isa = PBXBuildFile; fileRef = 31873A722C81B2E500DE021C /* CityTableViewCell.swift */; };
		31C40C762C81E5C200FBAADB /* APIData.swift in Sources */ = {isa = PBXBuildFile; fileRef = 31C40C752C81E5C200FBAADB /* APIData.swift */; };
		A5232E57E67131DD02E94EE3 /* Pods_Task03.framework in Frameworks */ = {isa = PBXBuildFile; fileRef = C1250D45CA97BC4DAFF825C1 /* Pods_Task03.framework */; };
/* End PBXBuildFile section */

/* Begin PBXFileReference section */
		313168482C819C9300B309FA /* Task03.app */ = {isa = PBXFileReference; explicitFileType = wrapper.application; includeInIndex = 0; path = Task03.app; sourceTree = BUILT_PRODUCTS_DIR; };
		3131684B2C819C9300B309FA /* AppDelegate.swift */ = {isa = PBXFileReference; lastKnownFileType = sourcecode.swift; path = AppDelegate.swift; sourceTree = "<group>"; };
		3131684D2C819C9300B309FA /* SceneDelegate.swift */ = {isa = PBXFileReference; lastKnownFileType = sourcecode.swift; path = SceneDelegate.swift; sourceTree = "<group>"; };
		3131684F2C819C9300B309FA /* ViewController.swift */ = {isa = PBXFileReference; lastKnownFileType = sourcecode.swift; path = ViewController.swift; sourceTree = "<group>"; };
		313168522C819C9300B309FA /* Base */ = {isa = PBXFileReference; lastKnownFileType = file.storyboard; name = Base; path = Base.lproj/Main.storyboard; sourceTree = "<group>"; };
		313168542C819C9600B309FA /* Assets.xcassets */ = {isa = PBXFileReference; lastKnownFileType = folder.assetcatalog; path = Assets.xcassets; sourceTree = "<group>"; };
		313168572C819C9600B309FA /* Base */ = {isa = PBXFileReference; lastKnownFileType = file.storyboard; name = Base; path = Base.lproj/LaunchScreen.storyboard; sourceTree = "<group>"; };
		313168592C819C9600B309FA /* Info.plist */ = {isa = PBXFileReference; lastKnownFileType = text.plist.xml; path = Info.plist; sourceTree = "<group>"; };
		3179D7942C85D022009D8F5C /* CityTableViewCell.xib */ = {isa = PBXFileReference; lastKnownFileType = file.xib; name = CityTableViewCell.xib; path = ../../../../../.Trash/CityTableViewCell.xib; sourceTree = "<group>"; };
		31873A702C81B25100DE021C /* City.swift */ = {isa = PBXFileReference; lastKnownFileType = sourcecode.swift; path = City.swift; sourceTree = "<group>"; };
		31873A722C81B2E500DE021C /* CityTableViewCell.swift */ = {isa = PBXFileReference; lastKnownFileType = sourcecode.swift; path = CityTableViewCell.swift; sourceTree = "<group>"; };
		31C40C752C81E5C200FBAADB /* APIData.swift */ = {isa = PBXFileReference; lastKnownFileType = sourcecode.swift; path = APIData.swift; sourceTree = "<group>"; };
		9000AD72394E645E523EA435 /* Pods-Task03.debug.xcconfig */ = {isa = PBXFileReference; includeInIndex = 1; lastKnownFileType = text.xcconfig; name = "Pods-Task03.debug.xcconfig"; path = "Target Support Files/Pods-Task03/Pods-Task03.debug.xcconfig"; sourceTree = "<group>"; };
		C1250D45CA97BC4DAFF825C1 /* Pods_Task03.framework */ = {isa = PBXFileReference; explicitFileType = wrapper.framework; includeInIndex = 0; path = Pods_Task03.framework; sourceTree = BUILT_PRODUCTS_DIR; };
		FDDC64AE44F53135BDC46D19 /* Pods-Task03.release.xcconfig */ = {isa = PBXFileReference; includeInIndex = 1; lastKnownFileType = text.xcconfig; name = "Pods-Task03.release.xcconfig"; path = "Target Support Files/Pods-Task03/Pods-Task03.release.xcconfig"; sourceTree = "<group>"; };
/* End PBXFileReference section */

/* Begin PBXFrameworksBuildPhase section */
		313168452C819C9300B309FA /* Frameworks */ = {
			isa = PBXFrameworksBuildPhase;
			buildActionMask = 2147483647;
			files = (
				A5232E57E67131DD02E94EE3 /* Pods_Task03.framework in Frameworks */,
			);
			runOnlyForDeploymentPostprocessing = 0;
		};
/* End PBXFrameworksBuildPhase section */

/* Begin PBXGroup section */
		3131683F2C819C9300B309FA = {
			isa = PBXGroup;
			children = (
				3179D78F2C85CFD1009D8F5C /* View */,
				3179D78E2C85CFB6009D8F5C /* ViewModel */,
				31873A6F2C81B22D00DE021C /* Model */,
				3131684A2C819C9300B309FA /* Resources */,
				313168492C819C9300B309FA /* Products */,
				56ABE05DB3865F2C1063269B /* Pods */,
				7751968221AEFD21F1DA2FD6 /* Frameworks */,
			);
			sourceTree = "<group>";
		};
		313168492C819C9300B309FA /* Products */ = {
			isa = PBXGroup;
			children = (
				313168482C819C9300B309FA /* Task03.app */,
			);
			name = Products;
			sourceTree = "<group>";
		};
		3131684A2C819C9300B309FA /* Resources */ = {
			isa = PBXGroup;
			children = (
				313168592C819C9600B309FA /* Info.plist */,
				3131684B2C819C9300B309FA /* AppDelegate.swift */,
				3131684D2C819C9300B309FA /* SceneDelegate.swift */,
				313168542C819C9600B309FA /* Assets.xcassets */,
				313168562C819C9600B309FA /* LaunchScreen.storyboard */,
			);
			path = Resources;
			sourceTree = "<group>";
		};
		3179D78E2C85CFB6009D8F5C /* ViewModel */ = {
			isa = PBXGroup;
			children = (
				31C40C752C81E5C200FBAADB /* APIData.swift */,
			);
			path = ViewModel;
			sourceTree = "<group>";
		};
		3179D78F2C85CFD1009D8F5C /* View */ = {
			isa = PBXGroup;
			children = (
				3179D7952C85D071009D8F5C /* Main View */,
				3179D7922C85D013009D8F5C /* Custom Table Cells */,
			);
			path = View;
			sourceTree = "<group>";
		};
		3179D7922C85D013009D8F5C /* Custom Table Cells */ = {
			isa = PBXGroup;
			children = (
				31873A722C81B2E500DE021C /* CityTableViewCell.swift */,
				3179D7942C85D022009D8F5C /* CityTableViewCell.xib */,
			);
			path = "Custom Table Cells";
			sourceTree = "<group>";
		};
		3179D7952C85D071009D8F5C /* Main View */ = {
			isa = PBXGroup;
			children = (
				3131684F2C819C9300B309FA /* ViewController.swift */,
				313168512C819C9300B309FA /* Main.storyboard */,
			);
			path = "Main View";
			sourceTree = "<group>";
		};
		31873A6F2C81B22D00DE021C /* Model */ = {
			isa = PBXGroup;
			children = (
				31873A702C81B25100DE021C /* City.swift */,
			);
			path = Model;
			sourceTree = "<group>";
		};
		56ABE05DB3865F2C1063269B /* Pods */ = {
			isa = PBXGroup;
			children = (
				9000AD72394E645E523EA435 /* Pods-Task03.debug.xcconfig */,
				FDDC64AE44F53135BDC46D19 /* Pods-Task03.release.xcconfig */,
			);
			path = Pods;
			sourceTree = "<group>";
		};
		7751968221AEFD21F1DA2FD6 /* Frameworks */ = {
			isa = PBXGroup;
			children = (
				C1250D45CA97BC4DAFF825C1 /* Pods_Task03.framework */,
			);
			name = Frameworks;
			sourceTree = "<group>";
		};
/* End PBXGroup section */

/* Begin PBXNativeTarget section */
		313168472C819C9300B309FA /* Task03 */ = {
			isa = PBXNativeTarget;
			buildConfigurationList = 3131685C2C819C9600B309FA /* Build configuration list for PBXNativeTarget "Task03" */;
			buildPhases = (
				78DEED0274C212185F43E41B /* [CP] Check Pods Manifest.lock */,
				313168442C819C9300B309FA /* Sources */,
				313168452C819C9300B309FA /* Frameworks */,
				313168462C819C9300B309FA /* Resources */,
				1FF94883942B6D1DBE12D005 /* [CP] Embed Pods Frameworks */,
			);
			buildRules = (
			);
			dependencies = (
			);
			name = Task03;
			productName = Task03;
			productReference = 313168482C819C9300B309FA /* Task03.app */;
			productType = "com.apple.product-type.application";
		};
/* End PBXNativeTarget section */

/* Begin PBXProject section */
		313168402C819C9300B309FA /* Project object */ = {
			isa = PBXProject;
			attributes = {
				BuildIndependentTargetsInParallel = 1;
				LastSwiftUpdateCheck = 1520;
				LastUpgradeCheck = 1520;
				TargetAttributes = {
					313168472C819C9300B309FA = {
						CreatedOnToolsVersion = 15.2;
					};
				};
			};
			buildConfigurationList = 313168432C819C9300B309FA /* Build configuration list for PBXProject "Task03" */;
			compatibilityVersion = "Xcode 14.0";
			developmentRegion = en;
			hasScannedForEncodings = 0;
			knownRegions = (
				en,
				Base,
			);
			mainGroup = 3131683F2C819C9300B309FA;
			productRefGroup = 313168492C819C9300B309FA /* Products */;
			projectDirPath = "";
			projectRoot = "";
			targets = (
				313168472C819C9300B309FA /* Task03 */,
			);
		};
/* End PBXProject section */

/* Begin PBXResourcesBuildPhase section */
		313168462C819C9300B309FA /* Resources */ = {
			isa = PBXResourcesBuildPhase;
			buildActionMask = 2147483647;
			files = (
				313168552C819C9600B309FA /* Assets.xcassets in Resources */,
				313168532C819C9300B309FA /* Main.storyboard in Resources */,
			);
			runOnlyForDeploymentPostprocessing = 0;
		};
/* End PBXResourcesBuildPhase section */

/* Begin PBXShellScriptBuildPhase section */
		1FF94883942B6D1DBE12D005 /* [CP] Embed Pods Frameworks */ = {
			isa = PBXShellScriptBuildPhase;
			buildActionMask = 2147483647;
			files = (
			);
			inputFileListPaths = (
				"${PODS_ROOT}/Target Support Files/Pods-Task03/Pods-Task03-frameworks-${CONFIGURATION}-input-files.xcfilelist",
			);
			name = "[CP] Embed Pods Frameworks";
			outputFileListPaths = (
				"${PODS_ROOT}/Target Support Files/Pods-Task03/Pods-Task03-frameworks-${CONFIGURATION}-output-files.xcfilelist",
			);
			runOnlyForDeploymentPostprocessing = 0;
			shellPath = /bin/sh;
			shellScript = "\"${PODS_ROOT}/Target Support Files/Pods-Task03/Pods-Task03-frameworks.sh\"\n";
			showEnvVarsInLog = 0;
		};
		78DEED0274C212185F43E41B /* [CP] Check Pods Manifest.lock */ = {
			isa = PBXShellScriptBuildPhase;
			buildActionMask = 2147483647;
			files = (
			);
			inputFileListPaths = (
			);
			inputPaths = (
				"${PODS_PODFILE_DIR_PATH}/Podfile.lock",
				"${PODS_ROOT}/Manifest.lock",
			);
			name = "[CP] Check Pods Manifest.lock";
			outputFileListPaths = (
			);
			outputPaths = (
				"$(DERIVED_FILE_DIR)/Pods-Task03-checkManifestLockResult.txt",
			);
			runOnlyForDeploymentPostprocessing = 0;
			shellPath = /bin/sh;
			shellScript = "diff \"${PODS_PODFILE_DIR_PATH}/Podfile.lock\" \"${PODS_ROOT}/Manifest.lock\" > /dev/null\nif [ $? != 0 ] ; then\n    # print error to STDERR\n    echo \"error: The sandbox is not in sync with the Podfile.lock. Run 'pod install' or update your CocoaPods installation.\" >&2\n    exit 1\nfi\n# This output is used by Xcode 'outputs' to avoid re-running this script phase.\necho \"SUCCESS\" > \"${SCRIPT_OUTPUT_FILE_0}\"\n";
			showEnvVarsInLog = 0;
		};
/* End PBXShellScriptBuildPhase section */

/* Begin PBXSourcesBuildPhase section */
		313168442C819C9300B309FA /* Sources */ = {
			isa = PBXSourcesBuildPhase;
			buildActionMask = 2147483647;
			files = (
				31C40C762C81E5C200FBAADB /* APIData.swift in Sources */,
				313168502C819C9300B309FA /* ViewController.swift in Sources */,
				3131684C2C819C9300B309FA /* AppDelegate.swift in Sources */,
				31873A742C81B2E500DE021C /* CityTableViewCell.swift in Sources */,
				31873A712C81B25100DE021C /* City.swift in Sources */,
				3131684E2C819C9300B309FA /* SceneDelegate.swift in Sources */,
			);
			runOnlyForDeploymentPostprocessing = 0;
		};
/* End PBXSourcesBuildPhase section */

/* Begin PBXVariantGroup section */
		313168512C819C9300B309FA /* Main.storyboard */ = {
			isa = PBXVariantGroup;
			children = (
				313168522C819C9300B309FA /* Base */,
			);
			name = Main.storyboard;
			sourceTree = "<group>";
		};
		313168562C819C9600B309FA /* LaunchScreen.storyboard */ = {
			isa = PBXVariantGroup;
			children = (
				313168572C819C9600B309FA /* Base */,
			);
			name = LaunchScreen.storyboard;
			sourceTree = "<group>";
		};
/* End PBXVariantGroup section */

/* Begin XCBuildConfiguration section */
		3131685A2C819C9600B309FA /* Debug */ = {
			isa = XCBuildConfiguration;
			buildSettings = {
				ALWAYS_SEARCH_USER_PATHS = NO;
				ASSETCATALOG_COMPILER_GENERATE_SWIFT_ASSET_SYMBOL_EXTENSIONS = YES;
				CLANG_ANALYZER_NONNULL = YES;
				CLANG_ANALYZER_NUMBER_OBJECT_CONVERSION = YES_AGGRESSIVE;
				CLANG_CXX_LANGUAGE_STANDARD = "gnu++20";
				CLANG_ENABLE_MODULES = YES;
				CLANG_ENABLE_OBJC_ARC = YES;
				CLANG_ENABLE_OBJC_WEAK = YES;
				CLANG_WARN_BLOCK_CAPTURE_AUTORELEASING = YES;
				CLANG_WARN_BOOL_CONVERSION = YES;
				CLANG_WARN_COMMA = YES;
				CLANG_WARN_CONSTANT_CONVERSION = YES;
				CLANG_WARN_DEPRECATED_OBJC_IMPLEMENTATIONS = YES;
				CLANG_WARN_DIRECT_OBJC_ISA_USAGE = YES_ERROR;
				CLANG_WARN_DOCUMENTATION_COMMENTS = YES;
				CLANG_WARN_EMPTY_BODY = YES;
				CLANG_WARN_ENUM_CONVERSION = YES;
				CLANG_WARN_INFINITE_RECURSION = YES;
				CLANG_WARN_INT_CONVERSION = YES;
				CLANG_WARN_NON_LITERAL_NULL_CONVERSION = YES;
				CLANG_WARN_OBJC_IMPLICIT_RETAIN_SELF = YES;
				CLANG_WARN_OBJC_LITERAL_CONVERSION = YES;
				CLANG_WARN_OBJC_ROOT_CLASS = YES_ERROR;
				CLANG_WARN_QUOTED_INCLUDE_IN_FRAMEWORK_HEADER = YES;
				CLANG_WARN_RANGE_LOOP_ANALYSIS = YES;
				CLANG_WARN_STRICT_PROTOTYPES = YES;
				CLANG_WARN_SUSPICIOUS_MOVE = YES;
				CLANG_WARN_UNGUARDED_AVAILABILITY = YES_AGGRESSIVE;
				CLANG_WARN_UNREACHABLE_CODE = YES;
				CLANG_WARN__DUPLICATE_METHOD_MATCH = YES;
				COPY_PHASE_STRIP = NO;
				DEBUG_INFORMATION_FORMAT = dwarf;
				ENABLE_STRICT_OBJC_MSGSEND = YES;
				ENABLE_TESTABILITY = YES;
				ENABLE_USER_SCRIPT_SANDBOXING = NO;
				GCC_C_LANGUAGE_STANDARD = gnu17;
				GCC_DYNAMIC_NO_PIC = NO;
				GCC_NO_COMMON_BLOCKS = YES;
				GCC_OPTIMIZATION_LEVEL = 0;
				GCC_PREPROCESSOR_DEFINITIONS = (
					"DEBUG=1",
					"$(inherited)",
				);
				GCC_WARN_64_TO_32_BIT_CONVERSION = YES;
				GCC_WARN_ABOUT_RETURN_TYPE = YES_ERROR;
				GCC_WARN_UNDECLARED_SELECTOR = YES;
				GCC_WARN_UNINITIALIZED_AUTOS = YES_AGGRESSIVE;
				GCC_WARN_UNUSED_FUNCTION = YES;
				GCC_WARN_UNUSED_VARIABLE = YES;
				IPHONEOS_DEPLOYMENT_TARGET = 17.2;
				LOCALIZATION_PREFERS_STRING_CATALOGS = YES;
				MTL_ENABLE_DEBUG_INFO = INCLUDE_SOURCE;
				MTL_FAST_MATH = YES;
				ONLY_ACTIVE_ARCH = YES;
				SDKROOT = iphoneos;
				SWIFT_ACTIVE_COMPILATION_CONDITIONS = "DEBUG $(inherited)";
				SWIFT_OPTIMIZATION_LEVEL = "-Onone";
			};
			name = Debug;
		};
		3131685B2C819C9600B309FA /* Release */ = {
			isa = XCBuildConfiguration;
			buildSettings = {
				ALWAYS_SEARCH_USER_PATHS = NO;
				ASSETCATALOG_COMPILER_GENERATE_SWIFT_ASSET_SYMBOL_EXTENSIONS = YES;
				CLANG_ANALYZER_NONNULL = YES;
				CLANG_ANALYZER_NUMBER_OBJECT_CONVERSION = YES_AGGRESSIVE;
				CLANG_CXX_LANGUAGE_STANDARD = "gnu++20";
				CLANG_ENABLE_MODULES = YES;
				CLANG_ENABLE_OBJC_ARC = YES;
				CLANG_ENABLE_OBJC_WEAK = YES;
				CLANG_WARN_BLOCK_CAPTURE_AUTORELEASING = YES;
				CLANG_WARN_BOOL_CONVERSION = YES;
				CLANG_WARN_COMMA = YES;
				CLANG_WARN_CONSTANT_CONVERSION = YES;
				CLANG_WARN_DEPRECATED_OBJC_IMPLEMENTATIONS = YES;
				CLANG_WARN_DIRECT_OBJC_ISA_USAGE = YES_ERROR;
				CLANG_WARN_DOCUMENTATION_COMMENTS = YES;
				CLANG_WARN_EMPTY_BODY = YES;
				CLANG_WARN_ENUM_CONVERSION = YES;
				CLANG_WARN_INFINITE_RECURSION = YES;
				CLANG_WARN_INT_CONVERSION = YES;
				CLANG_WARN_NON_LITERAL_NULL_CONVERSION = YES;
				CLANG_WARN_OBJC_IMPLICIT_RETAIN_SELF = YES;
				CLANG_WARN_OBJC_LITERAL_CONVERSION = YES;
				CLANG_WARN_OBJC_ROOT_CLASS = YES_ERROR;
				CLANG_WARN_QUOTED_INCLUDE_IN_FRAMEWORK_HEADER = YES;
				CLANG_WARN_RANGE_LOOP_ANALYSIS = YES;
				CLANG_WARN_STRICT_PROTOTYPES = YES;
				CLANG_WARN_SUSPICIOUS_MOVE = YES;
				CLANG_WARN_UNGUARDED_AVAILABILITY = YES_AGGRESSIVE;
				CLANG_WARN_UNREACHABLE_CODE = YES;
				CLANG_WARN__DUPLICATE_METHOD_MATCH = YES;
				COPY_PHASE_STRIP = NO;
				DEBUG_INFORMATION_FORMAT = "dwarf-with-dsym";
				ENABLE_NS_ASSERTIONS = NO;
				ENABLE_STRICT_OBJC_MSGSEND = YES;
				ENABLE_USER_SCRIPT_SANDBOXING = NO;
				GCC_C_LANGUAGE_STANDARD = gnu17;
				GCC_NO_COMMON_BLOCKS = YES;
				GCC_WARN_64_TO_32_BIT_CONVERSION = YES;
				GCC_WARN_ABOUT_RETURN_TYPE = YES_ERROR;
				GCC_WARN_UNDECLARED_SELECTOR = YES;
				GCC_WARN_UNINITIALIZED_AUTOS = YES_AGGRESSIVE;
				GCC_WARN_UNUSED_FUNCTION = YES;
				GCC_WARN_UNUSED_VARIABLE = YES;
				IPHONEOS_DEPLOYMENT_TARGET = 17.2;
				LOCALIZATION_PREFERS_STRING_CATALOGS = YES;
				MTL_ENABLE_DEBUG_INFO = NO;
				MTL_FAST_MATH = YES;
				SDKROOT = iphoneos;
				SWIFT_COMPILATION_MODE = wholemodule;
				VALIDATE_PRODUCT = YES;
			};
			name = Release;
		};
		3131685D2C819C9600B309FA /* Debug */ = {
			isa = XCBuildConfiguration;
			baseConfigurationReference = 9000AD72394E645E523EA435 /* Pods-Task03.debug.xcconfig */;
			buildSettings = {
				ASSETCATALOG_COMPILER_APPICON_NAME = AppIcon;
				ASSETCATALOG_COMPILER_GLOBAL_ACCENT_COLOR_NAME = AccentColor;
				CODE_SIGN_STYLE = Automatic;
				CURRENT_PROJECT_VERSION = 1;
				DEVELOPMENT_TEAM = YBC6QZE5G7;
				GENERATE_INFOPLIST_FILE = YES;
				INFOPLIST_FILE = "/Users/rai/Desktop/api-method/Task03/Resources/info.plist";
				INFOPLIST_KEY_UIApplicationSupportsIndirectInputEvents = YES;
				INFOPLIST_KEY_UILaunchStoryboardName = LaunchScreen;
				INFOPLIST_KEY_UIMainStoryboardFile = Main;
				INFOPLIST_KEY_UISupportedInterfaceOrientations_iPad = "UIInterfaceOrientationPortrait UIInterfaceOrientationPortraitUpsideDown UIInterfaceOrientationLandscapeLeft UIInterfaceOrientationLandscapeRight";
				INFOPLIST_KEY_UISupportedInterfaceOrientations_iPhone = "UIInterfaceOrientationPortrait UIInterfaceOrientationLandscapeLeft UIInterfaceOrientationLandscapeRight";
				LD_RUNPATH_SEARCH_PATHS = (
					"$(inherited)",
					"@executable_path/Frameworks",
				);
				MARKETING_VERSION = 1.0;
				PRODUCT_BUNDLE_IDENTIFIER = com.SSLPinningImp.Task03;
				PRODUCT_NAME = "$(TARGET_NAME)";
				SWIFT_EMIT_LOC_STRINGS = YES;
				SWIFT_VERSION = 5.0;
				TARGETED_DEVICE_FAMILY = "1,2";
			};
			name = Debug;
		};
		3131685E2C819C9600B309FA /* Release */ = {
			isa = XCBuildConfiguration;
			baseConfigurationReference = FDDC64AE44F53135BDC46D19 /* Pods-Task03.release.xcconfig */;
			buildSettings = {
				ASSETCATALOG_COMPILER_APPICON_NAME = AppIcon;
				ASSETCATALOG_COMPILER_GLOBAL_ACCENT_COLOR_NAME = AccentColor;
				CODE_SIGN_STYLE = Automatic;
				CURRENT_PROJECT_VERSION = 1;
				DEVELOPMENT_TEAM = YBC6QZE5G7;
				GENERATE_INFOPLIST_FILE = YES;
				INFOPLIST_FILE = "/Users/rai/Desktop/api-method/Task03/Resources/info.plist";
				INFOPLIST_KEY_UIApplicationSupportsIndirectInputEvents = YES;
				INFOPLIST_KEY_UILaunchStoryboardName = LaunchScreen;
				INFOPLIST_KEY_UIMainStoryboardFile = Main;
				INFOPLIST_KEY_UISupportedInterfaceOrientations_iPad = "UIInterfaceOrientationPortrait UIInterfaceOrientationPortraitUpsideDown UIInterfaceOrientationLandscapeLeft UIInterfaceOrientationLandscapeRight";
				INFOPLIST_KEY_UISupportedInterfaceOrientations_iPhone = "UIInterfaceOrientationPortrait UIInterfaceOrientationLandscapeLeft UIInterfaceOrientationLandscapeRight";
				LD_RUNPATH_SEARCH_PATHS = (
					"$(inherited)",
					"@executable_path/Frameworks",
				);
				MARKETING_VERSION = 1.0;
				PRODUCT_BUNDLE_IDENTIFIER = com.SSLPinningImp.Task03;
				PRODUCT_NAME = "$(TARGET_NAME)";
				SWIFT_EMIT_LOC_STRINGS = YES;
				SWIFT_VERSION = 5.0;
				TARGETED_DEVICE_FAMILY = "1,2";
			};
			name = Release;
		};
/* End XCBuildConfiguration section */

/* Begin XCConfigurationList section */
		313168432C819C9300B309FA /* Build configuration list for PBXProject "Task03" */ = {
			isa = XCConfigurationList;
			buildConfigurations = (
				3131685A2C819C9600B309FA /* Debug */,
				3131685B2C819C9600B309FA /* Release */,
			);
			defaultConfigurationIsVisible = 0;
			defaultConfigurationName = Release;
		};
		3131685C2C819C9600B309FA /* Build configuration list for PBXNativeTarget "Task03" */ = {
			isa = XCConfigurationList;
			buildConfigurations = (
				3131685D2C819C9600B309FA /* Debug */,
				3131685E2C819C9600B309FA /* Release */,
			);
			defaultConfigurationIsVisible = 0;
			defaultConfigurationName = Release;
		};
/* End XCConfigurationList section */
	};
	rootObject = 313168402C819C9300B309FA /* Project object */;
}
