// !$*UTF8*$!
{
	archiveVersion = 1;
	classes = {
	};
	objectVersion = 56;
	objects = {

/* Begin PBXBuildFile section */
		310A51D82C88163400DC56ED /* AppDelegate.swift in Sources */ = {isa = PBXBuildFile; fileRef = 310A51D72C88163400DC56ED /* AppDelegate.swift */; };
		310A51DA2C88163400DC56ED /* SceneDelegate.swift in Sources */ = {isa = PBXBuildFile; fileRef = 310A51D92C88163400DC56ED /* SceneDelegate.swift */; };
		310A51DF2C88163400DC56ED /* Main.storyboard in Resources */ = {isa = PBXBuildFile; fileRef = 310A51DD2C88163400DC56ED /* Main.storyboard */; };
		310A51E12C88163600DC56ED /* Assets.xcassets in Resources */ = {isa = PBXBuildFile; fileRef = 310A51E02C88163600DC56ED /* Assets.xcassets */; };
		310A51E42C88163600DC56ED /* LaunchScreen.storyboard in Resources */ = {isa = PBXBuildFile; fileRef = 310A51E22C88163600DC56ED /* LaunchScreen.storyboard */; };
		310A51F12C8817DA00DC56ED /* FAQ.swift in Sources */ = {isa = PBXBuildFile; fileRef = 310A51F02C8817DA00DC56ED /* FAQ.swift */; };
		310A51F32C88180500DC56ED /* FAQViewModel.swift in Sources */ = {isa = PBXBuildFile; fileRef = 310A51F22C88180500DC56ED /* FAQViewModel.swift */; };
		310A51F52C8819BE00DC56ED /* FAQViewController.swift in Sources */ = {isa = PBXBuildFile; fileRef = 310A51F42C8819BE00DC56ED /* FAQViewController.swift */; };
		310A51F82C8819F900DC56ED /* FAQTableViewCell.swift in Sources */ = {isa = PBXBuildFile; fileRef = 310A51F62C8819F900DC56ED /* FAQTableViewCell.swift */; };
		310A51F92C8819F900DC56ED /* FAQTableViewCell.xib in Resources */ = {isa = PBXBuildFile; fileRef = 310A51F72C8819F900DC56ED /* FAQTableViewCell.xib */; };
/* End PBXBuildFile section */

/* Begin PBXFileReference section */
		310A51D42C88163400DC56ED /* FAQs.app */ = {isa = PBXFileReference; explicitFileType = wrapper.application; includeInIndex = 0; path = FAQs.app; sourceTree = BUILT_PRODUCTS_DIR; };
		310A51D72C88163400DC56ED /* AppDelegate.swift */ = {isa = PBXFileReference; lastKnownFileType = sourcecode.swift; path = AppDelegate.swift; sourceTree = "<group>"; };
		310A51D92C88163400DC56ED /* SceneDelegate.swift */ = {isa = PBXFileReference; lastKnownFileType = sourcecode.swift; path = SceneDelegate.swift; sourceTree = "<group>"; };
		310A51DE2C88163400DC56ED /* Base */ = {isa = PBXFileReference; lastKnownFileType = file.storyboard; name = Base; path = Base.lproj/Main.storyboard; sourceTree = "<group>"; };
		310A51E02C88163600DC56ED /* Assets.xcassets */ = {isa = PBXFileReference; lastKnownFileType = folder.assetcatalog; path = Assets.xcassets; sourceTree = "<group>"; };
		310A51E32C88163600DC56ED /* Base */ = {isa = PBXFileReference; lastKnownFileType = file.storyboard; name = Base; path = Base.lproj/LaunchScreen.storyboard; sourceTree = "<group>"; };
		310A51E52C88163600DC56ED /* Info.plist */ = {isa = PBXFileReference; lastKnownFileType = text.plist.xml; path = Info.plist; sourceTree = "<group>"; };
		310A51F02C8817DA00DC56ED /* FAQ.swift */ = {isa = PBXFileReference; lastKnownFileType = sourcecode.swift; path = FAQ.swift; sourceTree = "<group>"; };
		310A51F22C88180500DC56ED /* FAQViewModel.swift */ = {isa = PBXFileReference; lastKnownFileType = sourcecode.swift; path = FAQViewModel.swift; sourceTree = "<group>"; };
		310A51F42C8819BE00DC56ED /* FAQViewController.swift */ = {isa = PBXFileReference; lastKnownFileType = sourcecode.swift; path = FAQViewController.swift; sourceTree = "<group>"; };
		310A51F62C8819F900DC56ED /* FAQTableViewCell.swift */ = {isa = PBXFileReference; lastKnownFileType = sourcecode.swift; path = FAQTableViewCell.swift; sourceTree = "<group>"; };
		310A51F72C8819F900DC56ED /* FAQTableViewCell.xib */ = {isa = PBXFileReference; lastKnownFileType = file.xib; path = FAQTableViewCell.xib; sourceTree = "<group>"; };
/* End PBXFileReference section */

/* Begin PBXFrameworksBuildPhase section */
		310A51D12C88163400DC56ED /* Frameworks */ = {
			isa = PBXFrameworksBuildPhase;
			buildActionMask = 2147483647;
			files = (
			);
			runOnlyForDeploymentPostprocessing = 0;
		};
/* End PBXFrameworksBuildPhase section */

/* Begin PBXGroup section */
		310A51CB2C88163400DC56ED = {
			isa = PBXGroup;
			children = (
				310A51EF2C8816DC00DC56ED /* Resources */,
				310A51EE2C8816D000DC56ED /* Views */,
				310A51ED2C8816BB00DC56ED /* ViewModels */,
				310A51EB2C88168A00DC56ED /* Models */,
				310A51D62C88163400DC56ED /* FAQs */,
				310A51D52C88163400DC56ED /* Products */,
			);
			sourceTree = "<group>";
		};
		310A51D52C88163400DC56ED /* Products */ = {
			isa = PBXGroup;
			children = (
				310A51D42C88163400DC56ED /* FAQs.app */,
			);
			name = Products;
			sourceTree = "<group>";
		};
		310A51D62C88163400DC56ED /* FAQs */ = {
			isa = PBXGroup;
			children = (
				310A51D72C88163400DC56ED /* AppDelegate.swift */,
				310A51D92C88163400DC56ED /* SceneDelegate.swift */,
				310A51E22C88163600DC56ED /* LaunchScreen.storyboard */,
				310A51E52C88163600DC56ED /* Info.plist */,
			);
			path = FAQs;
			sourceTree = "<group>";
		};
		310A51EB2C88168A00DC56ED /* Models */ = {
			isa = PBXGroup;
			children = (
				310A51F02C8817DA00DC56ED /* FAQ.swift */,
			);
			path = Models;
			sourceTree = "<group>";
		};
		310A51ED2C8816BB00DC56ED /* ViewModels */ = {
			isa = PBXGroup;
			children = (
				310A51F22C88180500DC56ED /* FAQViewModel.swift */,
			);
			path = ViewModels;
			sourceTree = "<group>";
		};
		310A51EE2C8816D000DC56ED /* Views */ = {
			isa = PBXGroup;
			children = (
				310A51F42C8819BE00DC56ED /* FAQViewController.swift */,
				310A51F62C8819F900DC56ED /* FAQTableViewCell.swift */,
				310A51F72C8819F900DC56ED /* FAQTableViewCell.xib */,
			);
			path = Views;
			sourceTree = "<group>";
		};
		310A51EF2C8816DC00DC56ED /* Resources */ = {
			isa = PBXGroup;
			children = (
				310A51DD2C88163400DC56ED /* Main.storyboard */,
				310A51E02C88163600DC56ED /* Assets.xcassets */,
			);
			path = Resources;
			sourceTree = "<group>";
		};
/* End PBXGroup section */

/* Begin PBXNativeTarget section */
		310A51D32C88163400DC56ED /* FAQs */ = {
			isa = PBXNativeTarget;
			buildConfigurationList = 310A51E82C88163600DC56ED /* Build configuration list for PBXNativeTarget "FAQs" */;
			buildPhases = (
				310A51D02C88163400DC56ED /* Sources */,
				310A51D12C88163400DC56ED /* Frameworks */,
				310A51D22C88163400DC56ED /* Resources */,
			);
			buildRules = (
			);
			dependencies = (
			);
			name = FAQs;
			productName = FAQs;
			productReference = 310A51D42C88163400DC56ED /* FAQs.app */;
			productType = "com.apple.product-type.application";
		};
/* End PBXNativeTarget section */

/* Begin PBXProject section */
		310A51CC2C88163400DC56ED /* Project object */ = {
			isa = PBXProject;
			attributes = {
				BuildIndependentTargetsInParallel = 1;
				LastSwiftUpdateCheck = 1520;
				LastUpgradeCheck = 1520;
				TargetAttributes = {
					310A51D32C88163400DC56ED = {
						CreatedOnToolsVersion = 15.2;
					};
				};
			};
			buildConfigurationList = 310A51CF2C88163400DC56ED /* Build configuration list for PBXProject "FAQs" */;
			compatibilityVersion = "Xcode 14.0";
			developmentRegion = en;
			hasScannedForEncodings = 0;
			knownRegions = (
				en,
				Base,
			);
			mainGroup = 310A51CB2C88163400DC56ED;
			productRefGroup = 310A51D52C88163400DC56ED /* Products */;
			projectDirPath = "";
			projectRoot = "";
			targets = (
				310A51D32C88163400DC56ED /* FAQs */,
			);
		};
/* End PBXProject section */

/* Begin PBXResourcesBuildPhase section */
		310A51D22C88163400DC56ED /* Resources */ = {
			isa = PBXResourcesBuildPhase;
			buildActionMask = 2147483647;
			files = (
				310A51F92C8819F900DC56ED /* FAQTableViewCell.xib in Resources */,
				310A51E42C88163600DC56ED /* LaunchScreen.storyboard in Resources */,
				310A51E12C88163600DC56ED /* Assets.xcassets in Resources */,
				310A51DF2C88163400DC56ED /* Main.storyboard in Resources */,
			);
			runOnlyForDeploymentPostprocessing = 0;
		};
/* End PBXResourcesBuildPhase section */

/* Begin PBXSourcesBuildPhase section */
		310A51D02C88163400DC56ED /* Sources */ = {
			isa = PBXSourcesBuildPhase;
			buildActionMask = 2147483647;
			files = (
				310A51F82C8819F900DC56ED /* FAQTableViewCell.swift in Sources */,
				310A51F12C8817DA00DC56ED /* FAQ.swift in Sources */,
				310A51D82C88163400DC56ED /* AppDelegate.swift in Sources */,
				310A51F52C8819BE00DC56ED /* FAQViewController.swift in Sources */,
				310A51DA2C88163400DC56ED /* SceneDelegate.swift in Sources */,
				310A51F32C88180500DC56ED /* FAQViewModel.swift in Sources */,
			);
			runOnlyForDeploymentPostprocessing = 0;
		};
/* End PBXSourcesBuildPhase section */

/* Begin PBXVariantGroup section */
		310A51DD2C88163400DC56ED /* Main.storyboard */ = {
			isa = PBXVariantGroup;
			children = (
				310A51DE2C88163400DC56ED /* Base */,
			);
			name = Main.storyboard;
			sourceTree = "<group>";
		};
		310A51E22C88163600DC56ED /* LaunchScreen.storyboard */ = {
			isa = PBXVariantGroup;
			children = (
				310A51E32C88163600DC56ED /* Base */,
			);
			name = LaunchScreen.storyboard;
			sourceTree = "<group>";
		};
/* End PBXVariantGroup section */

/* Begin XCBuildConfiguration section */
		310A51E62C88163600DC56ED /* Debug */ = {
			isa = XCBuildConfiguration;
			buildSettings = {
				ALWAYS_SEARCH_USER_PATHS = NO;
				ASSETCATALOG_COMPILER_GENERATE_SWIFT_ASSET_SYMBOL_EXTENSIONS = YES;
				CLANG_ANALYZER_NONNULL = YES;
				CLANG_ANALYZER_NUMBER_OBJECT_CONVERSION = YES_AGGRESSIVE;
				CLANG_CXX_LANGUAGE_STANDARD = "gnu++20";
				CLANG_ENABLE_MODULES = YES;
				CLANG_ENABLE_OBJC_ARC = YES;
				CLANG_ENABLE_OBJC_WEAK = YES;
				CLANG_WARN_BLOCK_CAPTURE_AUTORELEASING = YES;
				CLANG_WARN_BOOL_CONVERSION = YES;
				CLANG_WARN_COMMA = YES;
				CLANG_WARN_CONSTANT_CONVERSION = YES;
				CLANG_WARN_DEPRECATED_OBJC_IMPLEMENTATIONS = YES;
				CLANG_WARN_DIRECT_OBJC_ISA_USAGE = YES_ERROR;
				CLANG_WARN_DOCUMENTATION_COMMENTS = YES;
				CLANG_WARN_EMPTY_BODY = YES;
				CLANG_WARN_ENUM_CONVERSION = YES;
				CLANG_WARN_INFINITE_RECURSION = YES;
				CLANG_WARN_INT_CONVERSION = YES;
				CLANG_WARN_NON_LITERAL_NULL_CONVERSION = YES;
				CLANG_WARN_OBJC_IMPLICIT_RETAIN_SELF = YES;
				CLANG_WARN_OBJC_LITERAL_CONVERSION = YES;
				CLANG_WARN_OBJC_ROOT_CLASS = YES_ERROR;
				CLANG_WARN_QUOTED_INCLUDE_IN_FRAMEWORK_HEADER = YES;
				CLANG_WARN_RANGE_LOOP_ANALYSIS = YES;
				CLANG_WARN_STRICT_PROTOTYPES = YES;
				CLANG_WARN_SUSPICIOUS_MOVE = YES;
				CLANG_WARN_UNGUARDED_AVAILABILITY = YES_AGGRESSIVE;
				CLANG_WARN_UNREACHABLE_CODE = YES;
				CLANG_WARN__DUPLICATE_METHOD_MATCH = YES;
				COPY_PHASE_STRIP = NO;
				DEBUG_INFORMATION_FORMAT = dwarf;
				ENABLE_STRICT_OBJC_MSGSEND = YES;
				ENABLE_TESTABILITY = YES;
				ENABLE_USER_SCRIPT_SANDBOXING = YES;
				GCC_C_LANGUAGE_STANDARD = gnu17;
				GCC_DYNAMIC_NO_PIC = NO;
				GCC_NO_COMMON_BLOCKS = YES;
				GCC_OPTIMIZATION_LEVEL = 0;
				GCC_PREPROCESSOR_DEFINITIONS = (
					"DEBUG=1",
					"$(inherited)",
				);
				GCC_WARN_64_TO_32_BIT_CONVERSION = YES;
				GCC_WARN_ABOUT_RETURN_TYPE = YES_ERROR;
				GCC_WARN_UNDECLARED_SELECTOR = YES;
				GCC_WARN_UNINITIALIZED_AUTOS = YES_AGGRESSIVE;
				GCC_WARN_UNUSED_FUNCTION = YES;
				GCC_WARN_UNUSED_VARIABLE = YES;
				IPHONEOS_DEPLOYMENT_TARGET = 17.2;
				LOCALIZATION_PREFERS_STRING_CATALOGS = YES;
				MTL_ENABLE_DEBUG_INFO = INCLUDE_SOURCE;
				MTL_FAST_MATH = YES;
				ONLY_ACTIVE_ARCH = YES;
				SDKROOT = iphoneos;
				SWIFT_ACTIVE_COMPILATION_CONDITIONS = "DEBUG $(inherited)";
				SWIFT_OPTIMIZATION_LEVEL = "-Onone";
			};
			name = Debug;
		};
		310A51E72C88163600DC56ED /* Release */ = {
			isa = XCBuildConfiguration;
			buildSettings = {
				ALWAYS_SEARCH_USER_PATHS = NO;
				ASSETCATALOG_COMPILER_GENERATE_SWIFT_ASSET_SYMBOL_EXTENSIONS = YES;
				CLANG_ANALYZER_NONNULL = YES;
				CLANG_ANALYZER_NUMBER_OBJECT_CONVERSION = YES_AGGRESSIVE;
				CLANG_CXX_LANGUAGE_STANDARD = "gnu++20";
				CLANG_ENABLE_MODULES = YES;
				CLANG_ENABLE_OBJC_ARC = YES;
				CLANG_ENABLE_OBJC_WEAK = YES;
				CLANG_WARN_BLOCK_CAPTURE_AUTORELEASING = YES;
				CLANG_WARN_BOOL_CONVERSION = YES;
				CLANG_WARN_COMMA = YES;
				CLANG_WARN_CONSTANT_CONVERSION = YES;
				CLANG_WARN_DEPRECATED_OBJC_IMPLEMENTATIONS = YES;
				CLANG_WARN_DIRECT_OBJC_ISA_USAGE = YES_ERROR;
				CLANG_WARN_DOCUMENTATION_COMMENTS = YES;
				CLANG_WARN_EMPTY_BODY = YES;
				CLANG_WARN_ENUM_CONVERSION = YES;
				CLANG_WARN_INFINITE_RECURSION = YES;
				CLANG_WARN_INT_CONVERSION = YES;
				CLANG_WARN_NON_LITERAL_NULL_CONVERSION = YES;
				CLANG_WARN_OBJC_IMPLICIT_RETAIN_SELF = YES;
				CLANG_WARN_OBJC_LITERAL_CONVERSION = YES;
				CLANG_WARN_OBJC_ROOT_CLASS = YES_ERROR;
				CLANG_WARN_QUOTED_INCLUDE_IN_FRAMEWORK_HEADER = YES;
				CLANG_WARN_RANGE_LOOP_ANALYSIS = YES;
				CLANG_WARN_STRICT_PROTOTYPES = YES;
				CLANG_WARN_SUSPICIOUS_MOVE = YES;
				CLANG_WARN_UNGUARDED_AVAILABILITY = YES_AGGRESSIVE;
				CLANG_WARN_UNREACHABLE_CODE = YES;
				CLANG_WARN__DUPLICATE_METHOD_MATCH = YES;
				COPY_PHASE_STRIP = NO;
				DEBUG_INFORMATION_FORMAT = "dwarf-with-dsym";
				ENABLE_NS_ASSERTIONS = NO;
				ENABLE_STRICT_OBJC_MSGSEND = YES;
				ENABLE_USER_SCRIPT_SANDBOXING = YES;
				GCC_C_LANGUAGE_STANDARD = gnu17;
				GCC_NO_COMMON_BLOCKS = YES;
				GCC_WARN_64_TO_32_BIT_CONVERSION = YES;
				GCC_WARN_ABOUT_RETURN_TYPE = YES_ERROR;
				GCC_WARN_UNDECLARED_SELECTOR = YES;
				GCC_WARN_UNINITIALIZED_AUTOS = YES_AGGRESSIVE;
				GCC_WARN_UNUSED_FUNCTION = YES;
				GCC_WARN_UNUSED_VARIABLE = YES;
				IPHONEOS_DEPLOYMENT_TARGET = 17.2;
				LOCALIZATION_PREFERS_STRING_CATALOGS = YES;
				MTL_ENABLE_DEBUG_INFO = NO;
				MTL_FAST_MATH = YES;
				SDKROOT = iphoneos;
				SWIFT_COMPILATION_MODE = wholemodule;
				VALIDATE_PRODUCT = YES;
			};
			name = Release;
		};
		310A51E92C88163600DC56ED /* Debug */ = {
			isa = XCBuildConfiguration;
			buildSettings = {
				ASSETCATALOG_COMPILER_APPICON_NAME = AppIcon;
				ASSETCATALOG_COMPILER_GLOBAL_ACCENT_COLOR_NAME = AccentColor;
				CODE_SIGN_STYLE = Automatic;
				CURRENT_PROJECT_VERSION = 1;
				GENERATE_INFOPLIST_FILE = YES;
				INFOPLIST_FILE = FAQs/Info.plist;
				INFOPLIST_KEY_UIApplicationSupportsIndirectInputEvents = YES;
				INFOPLIST_KEY_UILaunchStoryboardName = LaunchScreen;
				INFOPLIST_KEY_UIMainStoryboardFile = Main;
				INFOPLIST_KEY_UISupportedInterfaceOrientations_iPad = "UIInterfaceOrientationPortrait UIInterfaceOrientationPortraitUpsideDown UIInterfaceOrientationLandscapeLeft UIInterfaceOrientationLandscapeRight";
				INFOPLIST_KEY_UISupportedInterfaceOrientations_iPhone = "UIInterfaceOrientationPortrait UIInterfaceOrientationLandscapeLeft UIInterfaceOrientationLandscapeRight";
				LD_RUNPATH_SEARCH_PATHS = (
					"$(inherited)",
					"@executable_path/Frameworks",
				);
				MARKETING_VERSION = 1.0;
				PRODUCT_BUNDLE_IDENTIFIER = com.SSLPinningImp.FAQs;
				PRODUCT_NAME = "$(TARGET_NAME)";
				SWIFT_EMIT_LOC_STRINGS = YES;
				SWIFT_VERSION = 5.0;
				TARGETED_DEVICE_FAMILY = "1,2";
			};
			name = Debug;
		};
		310A51EA2C88163600DC56ED /* Release */ = {
			isa = XCBuildConfiguration;
			buildSettings = {
				ASSETCATALOG_COMPILER_APPICON_NAME = AppIcon;
				ASSETCATALOG_COMPILER_GLOBAL_ACCENT_COLOR_NAME = AccentColor;
				CODE_SIGN_STYLE = Automatic;
				CURRENT_PROJECT_VERSION = 1;
				GENERATE_INFOPLIST_FILE = YES;
				INFOPLIST_FILE = FAQs/Info.plist;
				INFOPLIST_KEY_UIApplicationSupportsIndirectInputEvents = YES;
				INFOPLIST_KEY_UILaunchStoryboardName = LaunchScreen;
				INFOPLIST_KEY_UIMainStoryboardFile = Main;
				INFOPLIST_KEY_UISupportedInterfaceOrientations_iPad = "UIInterfaceOrientationPortrait UIInterfaceOrientationPortraitUpsideDown UIInterfaceOrientationLandscapeLeft UIInterfaceOrientationLandscapeRight";
				INFOPLIST_KEY_UISupportedInterfaceOrientations_iPhone = "UIInterfaceOrientationPortrait UIInterfaceOrientationLandscapeLeft UIInterfaceOrientationLandscapeRight";
				LD_RUNPATH_SEARCH_PATHS = (
					"$(inherited)",
					"@executable_path/Frameworks",
				);
				MARKETING_VERSION = 1.0;
				PRODUCT_BUNDLE_IDENTIFIER = com.SSLPinningImp.FAQs;
				PRODUCT_NAME = "$(TARGET_NAME)";
				SWIFT_EMIT_LOC_STRINGS = YES;
				SWIFT_VERSION = 5.0;
				TARGETED_DEVICE_FAMILY = "1,2";
			};
			name = Release;
		};
/* End XCBuildConfiguration section */

/* Begin XCConfigurationList section */
		310A51CF2C88163400DC56ED /* Build configuration list for PBXProject "FAQs" */ = {
			isa = XCConfigurationList;
			buildConfigurations = (
				310A51E62C88163600DC56ED /* Debug */,
				310A51E72C88163600DC56ED /* Release */,
			);
			defaultConfigurationIsVisible = 0;
			defaultConfigurationName = Release;
		};
		310A51E82C88163600DC56ED /* Build configuration list for PBXNativeTarget "FAQs" */ = {
			isa = XCConfigurationList;
			buildConfigurations = (
				310A51E92C88163600DC56ED /* Debug */,
				310A51EA2C88163600DC56ED /* Release */,
			);
			defaultConfigurationIsVisible = 0;
			defaultConfigurationName = Release;
		};
/* End XCConfigurationList section */
	};
	rootObject = 310A51CC2C88163400DC56ED /* Project object */;
}
